
Microsoft Visual Studio Solution File, Format Version 12.00
# Visual Studio Version 17
VisualStudioVersion = 17.9.34902.65
MinimumVisualStudioVersion = 10.0.40219.1
Project("{FAE04EC0-301F-11D3-BF4B-00C04F79EFBC}") = "01_IntroToCSharp", "01_IntroToCSharp\01_IntroToCSharp.csproj", "{E1CF2668-D500-4341-A99D-F50F207F7CF8}"
EndProject
Global
	GlobalSection(SolutionConfigurationPlatforms) = preSolution
		Debug|Any CPU = Debug|Any CPU
		Release|Any CPU = Release|Any CPU
	EndGlobalSection
	GlobalSection(ProjectConfigurationPlatforms) = postSolution
		{E1CF2668-D500-4341-A99D-F50F207F7CF8}.Debug|Any CPU.ActiveCfg = Debug|Any CPU
		{E1CF2668-D500-4341-A99D-F50F207F7CF8}.Debug|Any CPU.Build.0 = Debug|Any CPU
		{E1CF2668-D500-4341-A99D-F50F207F7CF8}.Release|Any CPU.ActiveCfg = Release|Any CPU
		{E1CF2668-D500-4341-A99D-F50F207F7CF8}.Release|Any CPU.Build.0 = Release|Any CPU
	EndGlobalSection
	GlobalSection(SolutionProperties) = preSolution
		HideSolutionNode = FALSE
	EndGlobalSection
	GlobalSection(ExtensibilityGlobals) = postSolution
		SolutionGuid = {4FB8ACD4-7760-4508-8389-96D6EEB868B4}
	EndGlobalSection
EndGlobal
